
Microsoft Visual Studio Solution File, Format Version 12.00
# Visual Studio Version 17
VisualStudioVersion = 17.1.32328.378
MinimumVisualStudioVersion = 10.0.40219.1
Project("{FAE04EC0-301F-11D3-BF4B-00C04F79EFBC}") = "Nameday", "Nameday.csproj", "{B67F1EEE-8E50-4C5B-9F40-913D28B09633}"
EndProject
Project("{FAE04EC0-301F-11D3-BF4B-00C04F79EFBC}") = "BackgroundServices", "..\BackgroundServices\BackgroundServices.csproj", "{200C6BD8-5854-4E1B-9BE2-C44D47F804B9}"
EndProject
Project("{FAE04EC0-301F-11D3-BF4B-00C04F79EFBC}") = "Common", "..\Common\Common.csproj", "{9A1AC681-C57D-4690-8AB0-F593ADFBE8A1}"
EndProject
Global
	GlobalSection(SolutionConfigurationPlatforms) = preSolution
		Debug|Any CPU = Debug|Any CPU
		Debug|ARM = Debug|ARM
		Debug|ARM64 = Debug|ARM64
		Debug|x64 = Debug|x64
		Debug|x86 = Debug|x86
		Release|Any CPU = Release|Any CPU
		Release|ARM = Release|ARM
		Release|ARM64 = Release|ARM64
		Release|x64 = Release|x64
		Release|x86 = Release|x86
	EndGlobalSection
	GlobalSection(ProjectConfigurationPlatforms) = postSolution
		{B67F1EEE-8E50-4C5B-9F40-913D28B09633}.Debug|Any CPU.ActiveCfg = Debug|x64
		{B67F1EEE-8E50-4C5B-9F40-913D28B09633}.Debug|Any CPU.Build.0 = Debug|x64
		{B67F1EEE-8E50-4C5B-9F40-913D28B09633}.Debug|Any CPU.Deploy.0 = Debug|x64
		{B67F1EEE-8E50-4C5B-9F40-913D28B09633}.Debug|ARM.ActiveCfg = Debug|ARM
		{B67F1EEE-8E50-4C5B-9F40-913D28B09633}.Debug|ARM.Build.0 = Debug|ARM
		{B67F1EEE-8E50-4C5B-9F40-913D28B09633}.Debug|ARM.Deploy.0 = Debug|ARM
		{B67F1EEE-8E50-4C5B-9F40-913D28B09633}.Debug|ARM64.ActiveCfg = Debug|ARM64
		{B67F1EEE-8E50-4C5B-9F40-913D28B09633}.Debug|ARM64.Build.0 = Debug|ARM64
		{B67F1EEE-8E50-4C5B-9F40-913D28B09633}.Debug|ARM64.Deploy.0 = Debug|ARM64
		{B67F1EEE-8E50-4C5B-9F40-913D28B09633}.Debug|x64.ActiveCfg = Debug|x64
		{B67F1EEE-8E50-4C5B-9F40-913D28B09633}.Debug|x64.Build.0 = Debug|x64
		{B67F1EEE-8E50-4C5B-9F40-913D28B09633}.Debug|x64.Deploy.0 = Debug|x64
		{B67F1EEE-8E50-4C5B-9F40-913D28B09633}.Debug|x86.ActiveCfg = Debug|x86
		{B67F1EEE-8E50-4C5B-9F40-913D28B09633}.Debug|x86.Build.0 = Debug|x86
		{B67F1EEE-8E50-4C5B-9F40-913D28B09633}.Debug|x86.Deploy.0 = Debug|x86
		{B67F1EEE-8E50-4C5B-9F40-913D28B09633}.Release|Any CPU.ActiveCfg = Release|x64
		{B67F1EEE-8E50-4C5B-9F40-913D28B09633}.Release|Any CPU.Build.0 = Release|x64
		{B67F1EEE-8E50-4C5B-9F40-913D28B09633}.Release|Any CPU.Deploy.0 = Release|x64
		{B67F1EEE-8E50-4C5B-9F40-913D28B09633}.Release|ARM.ActiveCfg = Release|ARM
		{B67F1EEE-8E50-4C5B-9F40-913D28B09633}.Release|ARM.Build.0 = Release|ARM
		{B67F1EEE-8E50-4C5B-9F40-913D28B09633}.Release|ARM.Deploy.0 = Release|ARM
		{B67F1EEE-8E50-4C5B-9F40-913D28B09633}.Release|ARM64.ActiveCfg = Release|ARM64
		{B67F1EEE-8E50-4C5B-9F40-913D28B09633}.Release|ARM64.Build.0 = Release|ARM64
		{B67F1EEE-8E50-4C5B-9F40-913D28B09633}.Release|ARM64.Deploy.0 = Release|ARM64
		{B67F1EEE-8E50-4C5B-9F40-913D28B09633}.Release|x64.ActiveCfg = Release|x64
		{B67F1EEE-8E50-4C5B-9F40-913D28B09633}.Release|x64.Build.0 = Release|x64
		{B67F1EEE-8E50-4C5B-9F40-913D28B09633}.Release|x64.Deploy.0 = Release|x64
		{B67F1EEE-8E50-4C5B-9F40-913D28B09633}.Release|x86.ActiveCfg = Release|x86
		{B67F1EEE-8E50-4C5B-9F40-913D28B09633}.Release|x86.Build.0 = Release|x86
		{B67F1EEE-8E50-4C5B-9F40-913D28B09633}.Release|x86.Deploy.0 = Release|x86
		{200C6BD8-5854-4E1B-9BE2-C44D47F804B9}.Debug|Any CPU.ActiveCfg = Debug|Any CPU
		{200C6BD8-5854-4E1B-9BE2-C44D47F804B9}.Debug|Any CPU.Build.0 = Debug|Any CPU
		{200C6BD8-5854-4E1B-9BE2-C44D47F804B9}.Debug|ARM.ActiveCfg = Debug|ARM
		{200C6BD8-5854-4E1B-9BE2-C44D47F804B9}.Debug|ARM.Build.0 = Debug|ARM
		{200C6BD8-5854-4E1B-9BE2-C44D47F804B9}.Debug|ARM64.ActiveCfg = Debug|ARM64
		{200C6BD8-5854-4E1B-9BE2-C44D47F804B9}.Debug|ARM64.Build.0 = Debug|ARM64
		{200C6BD8-5854-4E1B-9BE2-C44D47F804B9}.Debug|x64.ActiveCfg = Debug|x64
		{200C6BD8-5854-4E1B-9BE2-C44D47F804B9}.Debug|x64.Build.0 = Debug|x64
		{200C6BD8-5854-4E1B-9BE2-C44D47F804B9}.Debug|x86.ActiveCfg = Debug|x86
		{200C6BD8-5854-4E1B-9BE2-C44D47F804B9}.Debug|x86.Build.0 = Debug|x86
		{200C6BD8-5854-4E1B-9BE2-C44D47F804B9}.Release|Any CPU.ActiveCfg = Release|Any CPU
		{200C6BD8-5854-4E1B-9BE2-C44D47F804B9}.Release|Any CPU.Build.0 = Release|Any CPU
		{200C6BD8-5854-4E1B-9BE2-C44D47F804B9}.Release|ARM.ActiveCfg = Release|ARM
		{200C6BD8-5854-4E1B-9BE2-C44D47F804B9}.Release|ARM.Build.0 = Release|ARM
		{200C6BD8-5854-4E1B-9BE2-C44D47F804B9}.Release|ARM64.ActiveCfg = Release|ARM64
		{200C6BD8-5854-4E1B-9BE2-C44D47F804B9}.Release|ARM64.Build.0 = Release|ARM64
		{200C6BD8-5854-4E1B-9BE2-C44D47F804B9}.Release|x64.ActiveCfg = Release|x64
		{200C6BD8-5854-4E1B-9BE2-C44D47F804B9}.Release|x64.Build.0 = Release|x64
		{200C6BD8-5854-4E1B-9BE2-C44D47F804B9}.Release|x86.ActiveCfg = Release|x86
		{200C6BD8-5854-4E1B-9BE2-C44D47F804B9}.Release|x86.Build.0 = Release|x86
		{9A1AC681-C57D-4690-8AB0-F593ADFBE8A1}.Debug|Any CPU.ActiveCfg = Debug|Any CPU
		{9A1AC681-C57D-4690-8AB0-F593ADFBE8A1}.Debug|Any CPU.Build.0 = Debug|Any CPU
		{9A1AC681-C57D-4690-8AB0-F593ADFBE8A1}.Debug|ARM.ActiveCfg = Debug|ARM
		{9A1AC681-C57D-4690-8AB0-F593ADFBE8A1}.Debug|ARM.Build.0 = Debug|ARM
		{9A1AC681-C57D-4690-8AB0-F593ADFBE8A1}.Debug|ARM64.ActiveCfg = Debug|ARM64
		{9A1AC681-C57D-4690-8AB0-F593ADFBE8A1}.Debug|ARM64.Build.0 = Debug|ARM64
		{9A1AC681-C57D-4690-8AB0-F593ADFBE8A1}.Debug|x64.ActiveCfg = Debug|x64
		{9A1AC681-C57D-4690-8AB0-F593ADFBE8A1}.Debug|x64.Build.0 = Debug|x64
		{9A1AC681-C57D-4690-8AB0-F593ADFBE8A1}.Debug|x86.ActiveCfg = Debug|x86
		{9A1AC681-C57D-4690-8AB0-F593ADFBE8A1}.Debug|x86.Build.0 = Debug|x86
		{9A1AC681-C57D-4690-8AB0-F593ADFBE8A1}.Release|Any CPU.ActiveCfg = Release|Any CPU
		{9A1AC681-C57D-4690-8AB0-F593ADFBE8A1}.Release|Any CPU.Build.0 = Release|Any CPU
		{9A1AC681-C57D-4690-8AB0-F593ADFBE8A1}.Release|ARM.ActiveCfg = Release|ARM
		{9A1AC681-C57D-4690-8AB0-F593ADFBE8A1}.Release|ARM.Build.0 = Release|ARM
		{9A1AC681-C57D-4690-8AB0-F593ADFBE8A1}.Release|ARM64.ActiveCfg = Release|ARM64
		{9A1AC681-C57D-4690-8AB0-F593ADFBE8A1}.Release|ARM64.Build.0 = Release|ARM64
		{9A1AC681-C57D-4690-8AB0-F593ADFBE8A1}.Release|x64.ActiveCfg = Release|x64
		{9A1AC681-C57D-4690-8AB0-F593ADFBE8A1}.Release|x64.Build.0 = Release|x64
		{9A1AC681-C57D-4690-8AB0-F593ADFBE8A1}.Release|x86.ActiveCfg = Release|x86
		{9A1AC681-C57D-4690-8AB0-F593ADFBE8A1}.Release|x86.Build.0 = Release|x86
	EndGlobalSection
	GlobalSection(SolutionProperties) = preSolution
		HideSolutionNode = FALSE
	EndGlobalSection
	GlobalSection(ExtensibilityGlobals) = postSolution
		SolutionGuid = {FE6819F3-C6C8-4261-AE8B-1EDAC1C79FDE}
	EndGlobalSection
EndGlobal
